
Microsoft Visual Studio Solution File, Format Version 12.00
# Visual Studio Version 17
VisualStudioVersion = 17.7.34031.279
MinimumVisualStudioVersion = 10.0.40219.1
Project("{FAE04EC0-301F-11D3-BF4B-00C04F79EFBC}") = "App Cursos.Android", "App Cursos\App Cursos.Android\App Cursos.Android.csproj", "{A7D9D4AF-5B9E-4C14-B37D-5D2C11A22E0E}"
EndProject
Project("{FAE04EC0-301F-11D3-BF4B-00C04F79EFBC}") = "App Cursos.iOS", "App Cursos\App Cursos.iOS\App Cursos.iOS.csproj", "{B532DECF-09A5-49D6-B079-1F94EFFBE260}"
EndProject
Project("{FAE04EC0-301F-11D3-BF4B-00C04F79EFBC}") = "App Cursos", "App Cursos\App Cursos\App Cursos.csproj", "{FFF5032C-563F-40F4-A3DB-574D9E071C11}"
EndProject
Global
	GlobalSection(SolutionConfigurationPlatforms) = preSolution
		Debug|Any CPU = Debug|Any CPU
		Debug|iPhone = Debug|iPhone
		Debug|iPhoneSimulator = Debug|iPhoneSimulator
		Release|Any CPU = Release|Any CPU
		Release|iPhone = Release|iPhone
		Release|iPhoneSimulator = Release|iPhoneSimulator
	EndGlobalSection
	GlobalSection(ProjectConfigurationPlatforms) = postSolution
		{A7D9D4AF-5B9E-4C14-B37D-5D2C11A22E0E}.Debug|Any CPU.ActiveCfg = Debug|Any CPU
		{A7D9D4AF-5B9E-4C14-B37D-5D2C11A22E0E}.Debug|Any CPU.Build.0 = Debug|Any CPU
		{A7D9D4AF-5B9E-4C14-B37D-5D2C11A22E0E}.Debug|Any CPU.Deploy.0 = Debug|Any CPU
		{A7D9D4AF-5B9E-4C14-B37D-5D2C11A22E0E}.Debug|iPhone.ActiveCfg = Debug|Any CPU
		{A7D9D4AF-5B9E-4C14-B37D-5D2C11A22E0E}.Debug|iPhone.Build.0 = Debug|Any CPU
		{A7D9D4AF-5B9E-4C14-B37D-5D2C11A22E0E}.Debug|iPhone.Deploy.0 = Debug|Any CPU
		{A7D9D4AF-5B9E-4C14-B37D-5D2C11A22E0E}.Debug|iPhoneSimulator.ActiveCfg = Debug|Any CPU
		{A7D9D4AF-5B9E-4C14-B37D-5D2C11A22E0E}.Debug|iPhoneSimulator.Build.0 = Debug|Any CPU
		{A7D9D4AF-5B9E-4C14-B37D-5D2C11A22E0E}.Debug|iPhoneSimulator.Deploy.0 = Debug|Any CPU
		{A7D9D4AF-5B9E-4C14-B37D-5D2C11A22E0E}.Release|Any CPU.ActiveCfg = Release|Any CPU
		{A7D9D4AF-5B9E-4C14-B37D-5D2C11A22E0E}.Release|Any CPU.Build.0 = Release|Any CPU
		{A7D9D4AF-5B9E-4C14-B37D-5D2C11A22E0E}.Release|Any CPU.Deploy.0 = Release|Any CPU
		{A7D9D4AF-5B9E-4C14-B37D-5D2C11A22E0E}.Release|iPhone.ActiveCfg = Release|Any CPU
		{A7D9D4AF-5B9E-4C14-B37D-5D2C11A22E0E}.Release|iPhone.Build.0 = Release|Any CPU
		{A7D9D4AF-5B9E-4C14-B37D-5D2C11A22E0E}.Release|iPhone.Deploy.0 = Release|Any CPU
		{A7D9D4AF-5B9E-4C14-B37D-5D2C11A22E0E}.Release|iPhoneSimulator.ActiveCfg = Release|Any CPU
		{A7D9D4AF-5B9E-4C14-B37D-5D2C11A22E0E}.Release|iPhoneSimulator.Build.0 = Release|Any CPU
		{A7D9D4AF-5B9E-4C14-B37D-5D2C11A22E0E}.Release|iPhoneSimulator.Deploy.0 = Release|Any CPU
		{B532DECF-09A5-49D6-B079-1F94EFFBE260}.Debug|Any CPU.ActiveCfg = Debug|iPhone
		{B532DECF-09A5-49D6-B079-1F94EFFBE260}.Debug|Any CPU.Build.0 = Debug|iPhone
		{B532DECF-09A5-49D6-B079-1F94EFFBE260}.Debug|Any CPU.Deploy.0 = Debug|iPhone
		{B532DECF-09A5-49D6-B079-1F94EFFBE260}.Debug|iPhone.ActiveCfg = Debug|iPhone
		{B532DECF-09A5-49D6-B079-1F94EFFBE260}.Debug|iPhone.Build.0 = Debug|iPhone
		{B532DECF-09A5-49D6-B079-1F94EFFBE260}.Debug|iPhone.Deploy.0 = Debug|iPhone
		{B532DECF-09A5-49D6-B079-1F94EFFBE260}.Debug|iPhoneSimulator.ActiveCfg = Debug|iPhoneSimulator
		{B532DECF-09A5-49D6-B079-1F94EFFBE260}.Debug|iPhoneSimulator.Build.0 = Debug|iPhoneSimulator
		{B532DECF-09A5-49D6-B079-1F94EFFBE260}.Debug|iPhoneSimulator.Deploy.0 = Debug|iPhoneSimulator
		{B532DECF-09A5-49D6-B079-1F94EFFBE260}.Release|Any CPU.ActiveCfg = Release|iPhoneSimulator
		{B532DECF-09A5-49D6-B079-1F94EFFBE260}.Release|Any CPU.Build.0 = Release|iPhoneSimulator
		{B532DECF-09A5-49D6-B079-1F94EFFBE260}.Release|Any CPU.Deploy.0 = Release|iPhoneSimulator
		{B532DECF-09A5-49D6-B079-1F94EFFBE260}.Release|iPhone.ActiveCfg = Release|iPhone
		{B532DECF-09A5-49D6-B079-1F94EFFBE260}.Release|iPhone.Build.0 = Release|iPhone
		{B532DECF-09A5-49D6-B079-1F94EFFBE260}.Release|iPhone.Deploy.0 = Release|iPhone
		{B532DECF-09A5-49D6-B079-1F94EFFBE260}.Release|iPhoneSimulator.ActiveCfg = Release|iPhoneSimulator
		{B532DECF-09A5-49D6-B079-1F94EFFBE260}.Release|iPhoneSimulator.Build.0 = Release|iPhoneSimulator
		{B532DECF-09A5-49D6-B079-1F94EFFBE260}.Release|iPhoneSimulator.Deploy.0 = Release|iPhoneSimulator
		{FFF5032C-563F-40F4-A3DB-574D9E071C11}.Debug|Any CPU.ActiveCfg = Debug|Any CPU
		{FFF5032C-563F-40F4-A3DB-574D9E071C11}.Debug|Any CPU.Build.0 = Debug|Any CPU
		{FFF5032C-563F-40F4-A3DB-574D9E071C11}.Debug|Any CPU.Deploy.0 = Debug|Any CPU
		{FFF5032C-563F-40F4-A3DB-574D9E071C11}.Debug|iPhone.ActiveCfg = Debug|Any CPU
		{FFF5032C-563F-40F4-A3DB-574D9E071C11}.Debug|iPhone.Build.0 = Debug|Any CPU
		{FFF5032C-563F-40F4-A3DB-574D9E071C11}.Debug|iPhone.Deploy.0 = Debug|Any CPU
		{FFF5032C-563F-40F4-A3DB-574D9E071C11}.Debug|iPhoneSimulator.ActiveCfg = Debug|Any CPU
		{FFF5032C-563F-40F4-A3DB-574D9E071C11}.Debug|iPhoneSimulator.Build.0 = Debug|Any CPU
		{FFF5032C-563F-40F4-A3DB-574D9E071C11}.Debug|iPhoneSimulator.Deploy.0 = Debug|Any CPU
		{FFF5032C-563F-40F4-A3DB-574D9E071C11}.Release|Any CPU.ActiveCfg = Release|Any CPU
		{FFF5032C-563F-40F4-A3DB-574D9E071C11}.Release|Any CPU.Build.0 = Release|Any CPU
		{FFF5032C-563F-40F4-A3DB-574D9E071C11}.Release|Any CPU.Deploy.0 = Release|Any CPU
		{FFF5032C-563F-40F4-A3DB-574D9E071C11}.Release|iPhone.ActiveCfg = Release|Any CPU
		{FFF5032C-563F-40F4-A3DB-574D9E071C11}.Release|iPhone.Build.0 = Release|Any CPU
		{FFF5032C-563F-40F4-A3DB-574D9E071C11}.Release|iPhone.Deploy.0 = Release|Any CPU
		{FFF5032C-563F-40F4-A3DB-574D9E071C11}.Release|iPhoneSimulator.ActiveCfg = Release|Any CPU
		{FFF5032C-563F-40F4-A3DB-574D9E071C11}.Release|iPhoneSimulator.Build.0 = Release|Any CPU
		{FFF5032C-563F-40F4-A3DB-574D9E071C11}.Release|iPhoneSimulator.Deploy.0 = Release|Any CPU
	EndGlobalSection
	GlobalSection(SolutionProperties) = preSolution
		HideSolutionNode = FALSE
	EndGlobalSection
	GlobalSection(ExtensibilityGlobals) = postSolution
		SolutionGuid = {D4F644C6-DD0B-4C90-AC62-1B7CF97D023F}
	EndGlobalSection
EndGlobal
